
Microsoft Visual Studio Solution File, Format Version 12.00
# Visual Studio Version 16
VisualStudioVersion = 16.0.29519.181
MinimumVisualStudioVersion = 10.0.40219.1
Project("{2150E333-8FDC-42A3-9474-1A3956D46DE8}") = "WebApi", "WebApi", "{7E97840E-6AB4-41CB-9C57-FA28974725FE}"
EndProject
Project("{2150E333-8FDC-42A3-9474-1A3956D46DE8}") = "Source", "Source", "{BA74E91C-3AF4-40C2-BC22-398272C20C9A}"
EndProject
Project("{2150E333-8FDC-42A3-9474-1A3956D46DE8}") = "Core", "Core", "{BD96BE31-582A-45AA-B3FF-DB2432E0BF9E}"
EndProject
Project("{2150E333-8FDC-42A3-9474-1A3956D46DE8}") = "Infrastructure", "Infrastructure", "{D983C18B-363E-45A6-92F0-973D8E37867A}"
EndProject
Project("{9A19103F-16F7-4668-BE54-9A1E7A4F7556}") = "Application", "Application\Application.csproj", "{42F60A2C-B6F3-4132-8D05-BB9FE1F1380D}"
EndProject
Project("{2150E333-8FDC-42A3-9474-1A3956D46DE8}") = "Solution Items", "Solution Items", "{990C0696-770B-4E50-9D58-A2F2EF9128C9}"
	ProjectSection(SolutionItems) = preProject
		.editorconfig = .editorconfig
	EndProjectSection
EndProject
Project("{9A19103F-16F7-4668-BE54-9A1E7A4F7556}") = "Domain", "Domain\Domain.csproj", "{459AC6EB-4B26-492B-BB4D-3812535FAFA3}"
EndProject
Project("{9A19103F-16F7-4668-BE54-9A1E7A4F7556}") = "Infrastructure.Persistence", "Infrastructure\Infrastructure.Persistence\Infrastructure.Persistence.csproj", "{4192CFAA-35D3-45B4-BECD-B2B9CC339D1E}"
EndProject
Project("{9A19103F-16F7-4668-BE54-9A1E7A4F7556}") = "Infrastructure.Identity", "Infrastructure\Infrastructure.Identity\Infrastructure.Identity.csproj", "{167F1043-677B-4CF5-9C91-DB4C909BA400}"
EndProject
Project("{9A19103F-16F7-4668-BE54-9A1E7A4F7556}") = "Infrastructure.Adapter.Email", "Infrastructure\Infrastructure.Adapter.Email\Infrastructure.Adapter.Email.csproj", "{AE141BD0-C9F3-4361-9B82-3050962D06EA}"
EndProject
Project("{9A19103F-16F7-4668-BE54-9A1E7A4F7556}") = "Infrastructure.Adapter.Storage", "Infrastructure\Infrastructure.Adapter.Storage\Infrastructure.Adapter.Storage.csproj", "{4BFB311C-26D4-414C-A7F7-9C2237B6F783}"
EndProject
Project("{9A19103F-16F7-4668-BE54-9A1E7A4F7556}") = "WebApi", "WebApi\WebApi.csproj", "{4D7421B8-C746-4893-8188-8AC58544CD74}"
EndProject
Project("{9A19103F-16F7-4668-BE54-9A1E7A4F7556}") = "Infrastructure.Resources", "Infrastructure\Infrastructure.Resources\Infrastructure.Resources.csproj", "{2F62A482-3BAE-4C1B-9696-2A9F85B97DE4}"
EndProject
Project("{FAE04EC0-301F-11D3-BF4B-00C04F79EFBC}") = "Infrastructure.Persistence.Migrations", "Infrastructure\Infrastructure.Persistence.Migrations\Infrastructure.Persistence.Migrations.csproj", "{11B7C56F-F85C-43C9-8B00-461FB90238EA}"
EndProject
Global
	GlobalSection(SolutionConfigurationPlatforms) = preSolution
		Debug|Any CPU = Debug|Any CPU
		Release|Any CPU = Release|Any CPU
	EndGlobalSection
	GlobalSection(ProjectConfigurationPlatforms) = postSolution
		{42F60A2C-B6F3-4132-8D05-BB9FE1F1380D}.Debug|Any CPU.ActiveCfg = Debug|Any CPU
		{42F60A2C-B6F3-4132-8D05-BB9FE1F1380D}.Debug|Any CPU.Build.0 = Debug|Any CPU
		{42F60A2C-B6F3-4132-8D05-BB9FE1F1380D}.Release|Any CPU.ActiveCfg = Release|Any CPU
		{42F60A2C-B6F3-4132-8D05-BB9FE1F1380D}.Release|Any CPU.Build.0 = Release|Any CPU
		{459AC6EB-4B26-492B-BB4D-3812535FAFA3}.Debug|Any CPU.ActiveCfg = Debug|Any CPU
		{459AC6EB-4B26-492B-BB4D-3812535FAFA3}.Debug|Any CPU.Build.0 = Debug|Any CPU
		{459AC6EB-4B26-492B-BB4D-3812535FAFA3}.Release|Any CPU.ActiveCfg = Release|Any CPU
		{459AC6EB-4B26-492B-BB4D-3812535FAFA3}.Release|Any CPU.Build.0 = Release|Any CPU
		{4192CFAA-35D3-45B4-BECD-B2B9CC339D1E}.Debug|Any CPU.ActiveCfg = Debug|Any CPU
		{4192CFAA-35D3-45B4-BECD-B2B9CC339D1E}.Debug|Any CPU.Build.0 = Debug|Any CPU
		{4192CFAA-35D3-45B4-BECD-B2B9CC339D1E}.Release|Any CPU.ActiveCfg = Release|Any CPU
		{4192CFAA-35D3-45B4-BECD-B2B9CC339D1E}.Release|Any CPU.Build.0 = Release|Any CPU
		{167F1043-677B-4CF5-9C91-DB4C909BA400}.Debug|Any CPU.ActiveCfg = Debug|Any CPU
		{167F1043-677B-4CF5-9C91-DB4C909BA400}.Debug|Any CPU.Build.0 = Debug|Any CPU
		{167F1043-677B-4CF5-9C91-DB4C909BA400}.Release|Any CPU.ActiveCfg = Release|Any CPU
		{167F1043-677B-4CF5-9C91-DB4C909BA400}.Release|Any CPU.Build.0 = Release|Any CPU
		{AE141BD0-C9F3-4361-9B82-3050962D06EA}.Debug|Any CPU.ActiveCfg = Debug|Any CPU
		{AE141BD0-C9F3-4361-9B82-3050962D06EA}.Debug|Any CPU.Build.0 = Debug|Any CPU
		{AE141BD0-C9F3-4361-9B82-3050962D06EA}.Release|Any CPU.ActiveCfg = Release|Any CPU
		{AE141BD0-C9F3-4361-9B82-3050962D06EA}.Release|Any CPU.Build.0 = Release|Any CPU
		{4BFB311C-26D4-414C-A7F7-9C2237B6F783}.Debug|Any CPU.ActiveCfg = Debug|Any CPU
		{4BFB311C-26D4-414C-A7F7-9C2237B6F783}.Debug|Any CPU.Build.0 = Debug|Any CPU
		{4BFB311C-26D4-414C-A7F7-9C2237B6F783}.Release|Any CPU.ActiveCfg = Release|Any CPU
		{4BFB311C-26D4-414C-A7F7-9C2237B6F783}.Release|Any CPU.Build.0 = Release|Any CPU
		{4D7421B8-C746-4893-8188-8AC58544CD74}.Debug|Any CPU.ActiveCfg = Debug|Any CPU
		{4D7421B8-C746-4893-8188-8AC58544CD74}.Debug|Any CPU.Build.0 = Debug|Any CPU
		{4D7421B8-C746-4893-8188-8AC58544CD74}.Release|Any CPU.ActiveCfg = Release|Any CPU
		{4D7421B8-C746-4893-8188-8AC58544CD74}.Release|Any CPU.Build.0 = Release|Any CPU
		{2F62A482-3BAE-4C1B-9696-2A9F85B97DE4}.Debug|Any CPU.ActiveCfg = Debug|Any CPU
		{2F62A482-3BAE-4C1B-9696-2A9F85B97DE4}.Debug|Any CPU.Build.0 = Debug|Any CPU
		{2F62A482-3BAE-4C1B-9696-2A9F85B97DE4}.Release|Any CPU.ActiveCfg = Release|Any CPU
		{2F62A482-3BAE-4C1B-9696-2A9F85B97DE4}.Release|Any CPU.Build.0 = Release|Any CPU
		{11B7C56F-F85C-43C9-8B00-461FB90238EA}.Debug|Any CPU.ActiveCfg = Debug|Any CPU
		{11B7C56F-F85C-43C9-8B00-461FB90238EA}.Debug|Any CPU.Build.0 = Debug|Any CPU
		{11B7C56F-F85C-43C9-8B00-461FB90238EA}.Release|Any CPU.ActiveCfg = Release|Any CPU
		{11B7C56F-F85C-43C9-8B00-461FB90238EA}.Release|Any CPU.Build.0 = Release|Any CPU
	EndGlobalSection
	GlobalSection(SolutionProperties) = preSolution
		HideSolutionNode = FALSE
	EndGlobalSection
	GlobalSection(NestedProjects) = preSolution
		{7E97840E-6AB4-41CB-9C57-FA28974725FE} = {BA74E91C-3AF4-40C2-BC22-398272C20C9A}
		{BD96BE31-582A-45AA-B3FF-DB2432E0BF9E} = {BA74E91C-3AF4-40C2-BC22-398272C20C9A}
		{D983C18B-363E-45A6-92F0-973D8E37867A} = {BA74E91C-3AF4-40C2-BC22-398272C20C9A}
		{42F60A2C-B6F3-4132-8D05-BB9FE1F1380D} = {BD96BE31-582A-45AA-B3FF-DB2432E0BF9E}
		{459AC6EB-4B26-492B-BB4D-3812535FAFA3} = {BD96BE31-582A-45AA-B3FF-DB2432E0BF9E}
		{4192CFAA-35D3-45B4-BECD-B2B9CC339D1E} = {D983C18B-363E-45A6-92F0-973D8E37867A}
		{167F1043-677B-4CF5-9C91-DB4C909BA400} = {D983C18B-363E-45A6-92F0-973D8E37867A}
		{AE141BD0-C9F3-4361-9B82-3050962D06EA} = {D983C18B-363E-45A6-92F0-973D8E37867A}
		{4BFB311C-26D4-414C-A7F7-9C2237B6F783} = {D983C18B-363E-45A6-92F0-973D8E37867A}
		{4D7421B8-C746-4893-8188-8AC58544CD74} = {7E97840E-6AB4-41CB-9C57-FA28974725FE}
		{2F62A482-3BAE-4C1B-9696-2A9F85B97DE4} = {D983C18B-363E-45A6-92F0-973D8E37867A}
		{11B7C56F-F85C-43C9-8B00-461FB90238EA} = {D983C18B-363E-45A6-92F0-973D8E37867A}
	EndGlobalSection
	GlobalSection(ExtensibilityGlobals) = postSolution
		SolutionGuid = {0634577E-EF53-4E75-8CC9-0CCC88E1EDAC}
	EndGlobalSection
EndGlobal
